<?xml version="1.0" encoding="utf-8"?>
<Project ToolsVersion="4.0" xmlns="http://schemas.microsoft.com/developer/msbuild/2003">
  <ItemGroup>
    <Filter Include="소스 파일">
      <UniqueIdentifier>{4FC737F1-C7A5-4376-A066-2A32D752A2FF}</UniqueIdentifier>
      <Extensions>cpp;c;cc;cxx;c++;cppm;ixx;def;odl;idl;hpj;bat;asm;asmx</Extensions>
    </Filter>
    <Filter Include="리소스 파일">
      <UniqueIdentifier>{67DA6AB6-F800-4c08-8B7A-83BB121AAD01}</UniqueIdentifier>
      <Extensions>rc;ico;cur;bmp;dlg;rc2;rct;bin;rgs;gif;jpg;jpeg;jpe;resx;tiff;tif;png;wav;mfcribbon-ms</Extensions>
    </Filter>
    <Filter Include="소스 파일\99.Headers">
      <UniqueIdentifier>{4e7dc613-28f7-4a41-9325-298d88da7e02}</UniqueIdentifier>
    </Filter>
    <Filter Include="소스 파일\1.Main">
      <UniqueIdentifier>{4a3ac94c-4a9d-4621-8e31-5d622ef87761}</UniqueIdentifier>
    </Filter>
    <Filter Include="소스 파일\0.Apps">
      <UniqueIdentifier>{f8c8b1e2-2125-416b-b53c-4e80fe9ee4e7}</UniqueIdentifier>
    </Filter>
    <Filter Include="소스 파일\2.Shader">
      <UniqueIdentifier>{6c265c01-ead6-48a5-b305-598a53eaca50}</UniqueIdentifier>
    </Filter>
    <Filter Include="소스 파일\2.Shader\fx">
      <UniqueIdentifier>{61010354-28bf-41c2-b16f-bf1ff778896e}</UniqueIdentifier>
    </Filter>
  </ItemGroup>
  <ItemGroup>
    <ClCompile Include="main.cpp">
      <Filter>소스 파일\1.Main</Filter>
    </ClCompile>
    <ClCompile Include="pch.cpp">
      <Filter>소스 파일\99.Headers</Filter>
    </ClCompile>
    <ClCompile Include="Device.cpp">
      <Filter>소스 파일\1.Main</Filter>
    </ClCompile>
    <ClCompile Include="App.cpp">
      <Filter>소스 파일\1.Main</Filter>
    </ClCompile>
    <ClCompile Include="DemoApp.cpp">
      <Filter>소스 파일\0.Apps</Filter>
    </ClCompile>
    <ClCompile Include="Shader.cpp">
      <Filter>소스 파일\2.Shader</Filter>
    </ClCompile>
  </ItemGroup>
  <ItemGroup>
    <ClInclude Include="pch.h">
      <Filter>소스 파일\99.Headers</Filter>
    </ClInclude>
    <ClInclude Include="Device.h">
      <Filter>소스 파일\1.Main</Filter>
    </ClInclude>
    <ClInclude Include="Types.h">
      <Filter>소스 파일\99.Headers</Filter>
    </ClInclude>
    <ClInclude Include="Defines.h">
      <Filter>소스 파일\99.Headers</Filter>
    </ClInclude>
    <ClInclude Include="App.h">
      <Filter>소스 파일\1.Main</Filter>
    </ClInclude>
    <ClInclude Include="DemoApp.h">
      <Filter>소스 파일\0.Apps</Filter>
    </ClInclude>
    <ClInclude Include="Shader.h">
      <Filter>소스 파일\2.Shader</Filter>
    </ClInclude>
  </ItemGroup>
  <ItemGroup>
    <FxCompile Include="..\fx\Demo.fx">
      <Filter>소스 파일\2.Shader\fx</Filter>
    </FxCompile>
  </ItemGroup>
</Project>